
Microsoft Visual Studio Solution File, Format Version 12.00
# Visual Studio Version 17
VisualStudioVersion = 17.2.32616.157
MinimumVisualStudioVersion = 10.0.40219.1
Project("{FAE04EC0-301F-11D3-BF4B-00C04F79EFBC}") = "1.1P_SwitchStatement", "1.1P_SwitchStatement.csproj", "{D2C2D8DE-4253-49FA-A975-23A576BE5022}"
EndProject
Global
	GlobalSection(SolutionConfigurationPlatforms) = preSolution
		Debug|Any CPU = Debug|Any CPU
		Release|Any CPU = Release|Any CPU
	EndGlobalSection
	GlobalSection(ProjectConfigurationPlatforms) = postSolution
		{D2C2D8DE-4253-49FA-A975-23A576BE5022}.Debug|Any CPU.ActiveCfg = Debug|Any CPU
		{D2C2D8DE-4253-49FA-A975-23A576BE5022}.Debug|Any CPU.Build.0 = Debug|Any CPU
		{D2C2D8DE-4253-49FA-A975-23A576BE5022}.Release|Any CPU.ActiveCfg = Release|Any CPU
		{D2C2D8DE-4253-49FA-A975-23A576BE5022}.Release|Any CPU.Build.0 = Release|Any CPU
	EndGlobalSection
	GlobalSection(SolutionProperties) = preSolution
		HideSolutionNode = FALSE
	EndGlobalSection
	GlobalSection(ExtensibilityGlobals) = postSolution
		SolutionGuid = {85666D5C-2B21-4726-A5F4-FC23363E9A82}
	EndGlobalSection
EndGlobal
