
Microsoft Visual Studio Solution File, Format Version 12.00
# Visual Studio Version 17
VisualStudioVersion = 17.2.32616.157
MinimumVisualStudioVersion = 10.0.40219.1
Project("{FAE04EC0-301F-11D3-BF4B-00C04F79EFBC}") = "microwave", "microwave.csproj", "{FAEB76B2-671D-4E2F-92C5-82C0100CADEB}"
EndProject
Global
	GlobalSection(SolutionConfigurationPlatforms) = preSolution
		Debug|Any CPU = Debug|Any CPU
		Release|Any CPU = Release|Any CPU
	EndGlobalSection
	GlobalSection(ProjectConfigurationPlatforms) = postSolution
		{FAEB76B2-671D-4E2F-92C5-82C0100CADEB}.Debug|Any CPU.ActiveCfg = Debug|Any CPU
		{FAEB76B2-671D-4E2F-92C5-82C0100CADEB}.Debug|Any CPU.Build.0 = Debug|Any CPU
		{FAEB76B2-671D-4E2F-92C5-82C0100CADEB}.Release|Any CPU.ActiveCfg = Release|Any CPU
		{FAEB76B2-671D-4E2F-92C5-82C0100CADEB}.Release|Any CPU.Build.0 = Release|Any CPU
	EndGlobalSection
	GlobalSection(SolutionProperties) = preSolution
		HideSolutionNode = FALSE
	EndGlobalSection
	GlobalSection(ExtensibilityGlobals) = postSolution
		SolutionGuid = {188BE693-2F29-4529-9BF3-06A4EBA45167}
	EndGlobalSection
EndGlobal
