
Microsoft Visual Studio Solution File, Format Version 12.00
# Visual Studio Version 17
VisualStudioVersion = 17.2.32616.157
MinimumVisualStudioVersion = 10.0.40219.1
Project("{FAE04EC0-301F-11D3-BF4B-00C04F79EFBC}") = "1.1P", "1.1P.csproj", "{6B5AF1F0-2C87-4E63-9FEB-350188334905}"
EndProject
Global
	GlobalSection(SolutionConfigurationPlatforms) = preSolution
		Debug|Any CPU = Debug|Any CPU
		Release|Any CPU = Release|Any CPU
	EndGlobalSection
	GlobalSection(ProjectConfigurationPlatforms) = postSolution
		{6B5AF1F0-2C87-4E63-9FEB-350188334905}.Debug|Any CPU.ActiveCfg = Debug|Any CPU
		{6B5AF1F0-2C87-4E63-9FEB-350188334905}.Debug|Any CPU.Build.0 = Debug|Any CPU
		{6B5AF1F0-2C87-4E63-9FEB-350188334905}.Release|Any CPU.ActiveCfg = Release|Any CPU
		{6B5AF1F0-2C87-4E63-9FEB-350188334905}.Release|Any CPU.Build.0 = Release|Any CPU
	EndGlobalSection
	GlobalSection(SolutionProperties) = preSolution
		HideSolutionNode = FALSE
	EndGlobalSection
	GlobalSection(ExtensibilityGlobals) = postSolution
		SolutionGuid = {5F92652B-D9FF-41BE-8BBD-F3D223536547}
	EndGlobalSection
EndGlobal
